// !$*UTF8*$!
{
	archiveVersion = 1;
	classes = {
	};
	objectVersion = 46;
	objects = {

/* Begin PBXBuildFile section */
		A51750C01D495642009A3ED7 /* Wall.png in Resources */ = {isa = PBXBuildFile; fileRef = A51750BF1D495642009A3ED7 /* Wall.png */; };
		A51750C21D495867009A3ED7 /* Bamboo.png in Resources */ = {isa = PBXBuildFile; fileRef = A51750C11D495867009A3ED7 /* Bamboo.png */; };
		A51750C41D495C09009A3ED7 /* Shuriken.png in Resources */ = {isa = PBXBuildFile; fileRef = A51750C31D495C09009A3ED7 /* Shuriken.png */; };
		A51750C61D495C13009A3ED7 /* FNB.png in Resources */ = {isa = PBXBuildFile; fileRef = A51750C51D495C13009A3ED7 /* FNB.png */; };
		A51750C81D495CF0009A3ED7 /* ropeTexture.jpg in Resources */ = {isa = PBXBuildFile; fileRef = A51750C71D495CF0009A3ED7 /* ropeTexture.jpg */; };
		A51750CA1D49778B009A3ED7 /* Sun.png in Resources */ = {isa = PBXBuildFile; fileRef = A51750C91D49778B009A3ED7 /* Sun.png */; };
		A51750CE1D497798009A3ED7 /* Play Button.png in Resources */ = {isa = PBXBuildFile; fileRef = A51750CD1D497798009A3ED7 /* Play Button.png */; };
		A51750D01D4977B3009A3ED7 /* ShurikenTitle.png in Resources */ = {isa = PBXBuildFile; fileRef = A51750CF1D4977B3009A3ED7 /* ShurikenTitle.png */; };
		A51750D21D49780E009A3ED7 /* TitleScreen.sks in Resources */ = {isa = PBXBuildFile; fileRef = A51750D11D49780E009A3ED7 /* TitleScreen.sks */; };
		A51750D61D497888009A3ED7 /* Lucky Cat.png in Resources */ = {isa = PBXBuildFile; fileRef = A51750D51D497888009A3ED7 /* Lucky Cat.png */; };
		A51750D81D497956009A3ED7 /* Rotating Sun.sks in Resources */ = {isa = PBXBuildFile; fileRef = A51750D71D497956009A3ED7 /* Rotating Sun.sks */; };
		A51750DA1D4979C9009A3ED7 /* MyActions.sks in Resources */ = {isa = PBXBuildFile; fileRef = A51750D91D4979C9009A3ED7 /* MyActions.sks */; };
		A51750DE1D497CB8009A3ED7 /* TitleScreen.png in Resources */ = {isa = PBXBuildFile; fileRef = A51750DD1D497CB8009A3ED7 /* TitleScreen.png */; };
		A51750E01D497D41009A3ED7 /* TitleScreen.swift in Sources */ = {isa = PBXBuildFile; fileRef = A51750DF1D497D41009A3ED7 /* TitleScreen.swift */; };
		A51750E21D497D86009A3ED7 /* MSButtonNode.swift in Sources */ = {isa = PBXBuildFile; fileRef = A51750E11D497D86009A3ED7 /* MSButtonNode.swift */; };
		A51750E61D4A876F009A3ED7 /* avalancheRock.png in Resources */ = {isa = PBXBuildFile; fileRef = A51750E51D4A876F009A3ED7 /* avalancheRock.png */; };
		A51750E81D4ABD55009A3ED7 /* !.png in Resources */ = {isa = PBXBuildFile; fileRef = A51750E71D4ABD55009A3ED7 /* !.png */; };
		A51750EA1D4ABE65009A3ED7 /* ! Black.png in Resources */ = {isa = PBXBuildFile; fileRef = A51750E91D4ABE65009A3ED7 /* ! Black.png */; };
		A53ABA7A1D3EE1E30030E7E4 /* Player.swift in Sources */ = {isa = PBXBuildFile; fileRef = A53ABA791D3EE1E30030E7E4 /* Player.swift */; };
		A542FEFD1D3D4A61001335B5 /* Rock.swift in Sources */ = {isa = PBXBuildFile; fileRef = A542FEFC1D3D4A61001335B5 /* Rock.swift */; };
		A55CD1061D36E296004360DA /* AppDelegate.swift in Sources */ = {isa = PBXBuildFile; fileRef = A55CD1051D36E296004360DA /* AppDelegate.swift */; };
		A55CD1081D36E296004360DA /* GameScene.sks in Resources */ = {isa = PBXBuildFile; fileRef = A55CD1071D36E296004360DA /* GameScene.sks */; };
		A55CD10A1D36E296004360DA /* GameScene.swift in Sources */ = {isa = PBXBuildFile; fileRef = A55CD1091D36E296004360DA /* GameScene.swift */; };
		A55CD10C1D36E296004360DA /* GameViewController.swift in Sources */ = {isa = PBXBuildFile; fileRef = A55CD10B1D36E296004360DA /* GameViewController.swift */; };
		A55CD10F1D36E296004360DA /* Main.storyboard in Resources */ = {isa = PBXBuildFile; fileRef = A55CD10D1D36E296004360DA /* Main.storyboard */; };
		A55CD1111D36E296004360DA /* Assets.xcassets in Resources */ = {isa = PBXBuildFile; fileRef = A55CD1101D36E296004360DA /* Assets.xcassets */; };
		A55CD1141D36E296004360DA /* LaunchScreen.storyboard in Resources */ = {isa = PBXBuildFile; fileRef = A55CD1121D36E296004360DA /* LaunchScreen.storyboard */; };
		A55CD11F1D36E296004360DA /* Dragon_ClimberTests.swift in Sources */ = {isa = PBXBuildFile; fileRef = A55CD11E1D36E296004360DA /* Dragon_ClimberTests.swift */; };
		A55CD12A1D36E296004360DA /* Dragon_ClimberUITests.swift in Sources */ = {isa = PBXBuildFile; fileRef = A55CD1291D36E296004360DA /* Dragon_ClimberUITests.swift */; };
		A5AEF3AE1D4043D6007BA947 /* gameMusic.mp3 in Resources */ = {isa = PBXBuildFile; fileRef = A5AEF3AD1D4043D6007BA947 /* gameMusic.mp3 */; };
		A5F407201D48312D000AD164 /* Cloud1.sks in Resources */ = {isa = PBXBuildFile; fileRef = A5F4071F1D48312D000AD164 /* Cloud1.sks */; };
		A5F407221D483145000AD164 /* Cloud1.png in Resources */ = {isa = PBXBuildFile; fileRef = A5F407211D483145000AD164 /* Cloud1.png */; };
		A5F407241D48315E000AD164 /* Cloud2.png in Resources */ = {isa = PBXBuildFile; fileRef = A5F407231D48315E000AD164 /* Cloud2.png */; };
		A5F407261D483166000AD164 /* Cloud3.png in Resources */ = {isa = PBXBuildFile; fileRef = A5F407251D483166000AD164 /* Cloud3.png */; };
		A5F407281D4832F6000AD164 /* Cloud2.sks in Resources */ = {isa = PBXBuildFile; fileRef = A5F407271D4832F6000AD164 /* Cloud2.sks */; };
		A5F4072A1D4833AB000AD164 /* Cloud3.sks in Resources */ = {isa = PBXBuildFile; fileRef = A5F407291D4833AB000AD164 /* Cloud3.sks */; };
		A5F407311D483649000AD164 /* BackgroundMain.png in Resources */ = {isa = PBXBuildFile; fileRef = A5F407301D483649000AD164 /* BackgroundMain.png */; };
/* End PBXBuildFile section */

/* Begin PBXContainerItemProxy section */
		A55CD11B1D36E296004360DA /* PBXContainerItemProxy */ = {
			isa = PBXContainerItemProxy;
			containerPortal = A55CD0FA1D36E296004360DA /* Project object */;
			proxyType = 1;
			remoteGlobalIDString = A55CD1011D36E296004360DA;
			remoteInfo = "Dragon Climber";
		};
		A55CD1261D36E296004360DA /* PBXContainerItemProxy */ = {
			isa = PBXContainerItemProxy;
			containerPortal = A55CD0FA1D36E296004360DA /* Project object */;
			proxyType = 1;
			remoteGlobalIDString = A55CD1011D36E296004360DA;
			remoteInfo = "Dragon Climber";
		};
/* End PBXContainerItemProxy section */

/* Begin PBXFileReference section */
		A51750BF1D495642009A3ED7 /* Wall.png */ = {isa = PBXFileReference; lastKnownFileType = image.png; path = Wall.png; sourceTree = "<group>"; };
		A51750C11D495867009A3ED7 /* Bamboo.png */ = {isa = PBXFileReference; lastKnownFileType = image.png; path = Bamboo.png; sourceTree = "<group>"; };
		A51750C31D495C09009A3ED7 /* Shuriken.png */ = {isa = PBXFileReference; lastKnownFileType = image.png; path = Shuriken.png; sourceTree = "<group>"; };
		A51750C51D495C13009A3ED7 /* FNB.png */ = {isa = PBXFileReference; lastKnownFileType = image.png; path = FNB.png; sourceTree = "<group>"; };
		A51750C71D495CF0009A3ED7 /* ropeTexture.jpg */ = {isa = PBXFileReference; lastKnownFileType = image.jpeg; path = ropeTexture.jpg; sourceTree = "<group>"; };
		A51750C91D49778B009A3ED7 /* Sun.png */ = {isa = PBXFileReference; lastKnownFileType = image.png; path = Sun.png; sourceTree = "<group>"; };
		A51750CD1D497798009A3ED7 /* Play Button.png */ = {isa = PBXFileReference; lastKnownFileType = image.png; path = "Play Button.png"; sourceTree = "<group>"; };
		A51750CF1D4977B3009A3ED7 /* ShurikenTitle.png */ = {isa = PBXFileReference; lastKnownFileType = image.png; path = ShurikenTitle.png; sourceTree = "<group>"; };
		A51750D11D49780E009A3ED7 /* TitleScreen.sks */ = {isa = PBXFileReference; lastKnownFileType = file.sks; path = TitleScreen.sks; sourceTree = "<group>"; };
		A51750D51D497888009A3ED7 /* Lucky Cat.png */ = {isa = PBXFileReference; lastKnownFileType = image.png; path = "Lucky Cat.png"; sourceTree = "<group>"; };
		A51750D71D497956009A3ED7 /* Rotating Sun.sks */ = {isa = PBXFileReference; lastKnownFileType = file.sks; name = "Rotating Sun.sks"; path = "../Rotating Sun.sks"; sourceTree = "<group>"; };
		A51750D91D4979C9009A3ED7 /* MyActions.sks */ = {isa = PBXFileReference; lastKnownFileType = file.sks; name = MyActions.sks; path = ../MyActions.sks; sourceTree = "<group>"; };
		A51750DD1D497CB8009A3ED7 /* TitleScreen.png */ = {isa = PBXFileReference; lastKnownFileType = image.png; path = TitleScreen.png; sourceTree = "<group>"; };
		A51750DF1D497D41009A3ED7 /* TitleScreen.swift */ = {isa = PBXFileReference; fileEncoding = 4; lastKnownFileType = sourcecode.swift; path = TitleScreen.swift; sourceTree = "<group>"; };
		A51750E11D497D86009A3ED7 /* MSButtonNode.swift */ = {isa = PBXFileReference; fileEncoding = 4; lastKnownFileType = sourcecode.swift; path = MSButtonNode.swift; sourceTree = "<group>"; };
		A51750E51D4A876F009A3ED7 /* avalancheRock.png */ = {isa = PBXFileReference; lastKnownFileType = image.png; path = avalancheRock.png; sourceTree = "<group>"; };
		A51750E71D4ABD55009A3ED7 /* !.png */ = {isa = PBXFileReference; lastKnownFileType = image.png; path = "!.png"; sourceTree = "<group>"; };
		A51750E91D4ABE65009A3ED7 /* ! Black.png */ = {isa = PBXFileReference; lastKnownFileType = image.png; path = "! Black.png"; sourceTree = "<group>"; };
		A53ABA791D3EE1E30030E7E4 /* Player.swift */ = {isa = PBXFileReference; fileEncoding = 4; lastKnownFileType = sourcecode.swift; path = Player.swift; sourceTree = "<group>"; };
		A542FEFC1D3D4A61001335B5 /* Rock.swift */ = {isa = PBXFileReference; fileEncoding = 4; lastKnownFileType = sourcecode.swift; path = Rock.swift; sourceTree = "<group>"; };
		A55CD1021D36E296004360DA /* Dragon Climber.app */ = {isa = PBXFileReference; explicitFileType = wrapper.application; includeInIndex = 0; path = "Dragon Climber.app"; sourceTree = BUILT_PRODUCTS_DIR; };
		A55CD1051D36E296004360DA /* AppDelegate.swift */ = {isa = PBXFileReference; lastKnownFileType = sourcecode.swift; path = AppDelegate.swift; sourceTree = "<group>"; };
		A55CD1071D36E296004360DA /* GameScene.sks */ = {isa = PBXFileReference; lastKnownFileType = file.sks; path = GameScene.sks; sourceTree = "<group>"; };
		A55CD1091D36E296004360DA /* GameScene.swift */ = {isa = PBXFileReference; lastKnownFileType = sourcecode.swift; path = GameScene.swift; sourceTree = "<group>"; };
		A55CD10B1D36E296004360DA /* GameViewController.swift */ = {isa = PBXFileReference; lastKnownFileType = sourcecode.swift; path = GameViewController.swift; sourceTree = "<group>"; };
		A55CD10E1D36E296004360DA /* Base */ = {isa = PBXFileReference; lastKnownFileType = file.storyboard; name = Base; path = Base.lproj/Main.storyboard; sourceTree = "<group>"; };
		A55CD1101D36E296004360DA /* Assets.xcassets */ = {isa = PBXFileReference; lastKnownFileType = folder.assetcatalog; path = Assets.xcassets; sourceTree = "<group>"; };
		A55CD1131D36E296004360DA /* Base */ = {isa = PBXFileReference; lastKnownFileType = file.storyboard; name = Base; path = Base.lproj/LaunchScreen.storyboard; sourceTree = "<group>"; };
		A55CD1151D36E296004360DA /* Info.plist */ = {isa = PBXFileReference; lastKnownFileType = text.plist.xml; path = Info.plist; sourceTree = "<group>"; };
		A55CD11A1D36E296004360DA /* Dragon ClimberTests.xctest */ = {isa = PBXFileReference; explicitFileType = wrapper.cfbundle; includeInIndex = 0; path = "Dragon ClimberTests.xctest"; sourceTree = BUILT_PRODUCTS_DIR; };
		A55CD11E1D36E296004360DA /* Dragon_ClimberTests.swift */ = {isa = PBXFileReference; lastKnownFileType = sourcecode.swift; path = Dragon_ClimberTests.swift; sourceTree = "<group>"; };
		A55CD1201D36E296004360DA /* Info.plist */ = {isa = PBXFileReference; lastKnownFileType = text.plist.xml; path = Info.plist; sourceTree = "<group>"; };
		A55CD1251D36E296004360DA /* Dragon ClimberUITests.xctest */ = {isa = PBXFileReference; explicitFileType = wrapper.cfbundle; includeInIndex = 0; path = "Dragon ClimberUITests.xctest"; sourceTree = BUILT_PRODUCTS_DIR; };
		A55CD1291D36E296004360DA /* Dragon_ClimberUITests.swift */ = {isa = PBXFileReference; lastKnownFileType = sourcecode.swift; path = Dragon_ClimberUITests.swift; sourceTree = "<group>"; };
		A55CD12B1D36E296004360DA /* Info.plist */ = {isa = PBXFileReference; lastKnownFileType = text.plist.xml; path = Info.plist; sourceTree = "<group>"; };
		A5AEF3AD1D4043D6007BA947 /* gameMusic.mp3 */ = {isa = PBXFileReference; lastKnownFileType = audio.mp3; path = gameMusic.mp3; sourceTree = "<group>"; };
		A5F4071F1D48312D000AD164 /* Cloud1.sks */ = {isa = PBXFileReference; lastKnownFileType = file.sks; path = Cloud1.sks; sourceTree = "<group>"; };
		A5F407211D483145000AD164 /* Cloud1.png */ = {isa = PBXFileReference; lastKnownFileType = image.png; path = Cloud1.png; sourceTree = "<group>"; };
		A5F407231D48315E000AD164 /* Cloud2.png */ = {isa = PBXFileReference; lastKnownFileType = image.png; path = Cloud2.png; sourceTree = "<group>"; };
		A5F407251D483166000AD164 /* Cloud3.png */ = {isa = PBXFileReference; lastKnownFileType = image.png; path = Cloud3.png; sourceTree = "<group>"; };
		A5F407271D4832F6000AD164 /* Cloud2.sks */ = {isa = PBXFileReference; lastKnownFileType = file.sks; path = Cloud2.sks; sourceTree = "<group>"; };
		A5F407291D4833AB000AD164 /* Cloud3.sks */ = {isa = PBXFileReference; lastKnownFileType = file.sks; path = Cloud3.sks; sourceTree = "<group>"; };
		A5F407301D483649000AD164 /* BackgroundMain.png */ = {isa = PBXFileReference; lastKnownFileType = image.png; path = BackgroundMain.png; sourceTree = "<group>"; };
/* End PBXFileReference section */

/* Begin PBXFrameworksBuildPhase section */
		A55CD0FF1D36E296004360DA /* Frameworks */ = {
			isa = PBXFrameworksBuildPhase;
			buildActionMask = 2147483647;
			files = (
			);
			runOnlyForDeploymentPostprocessing = 0;
		};
		A55CD1171D36E296004360DA /* Frameworks */ = {
			isa = PBXFrameworksBuildPhase;
			buildActionMask = 2147483647;
			files = (
			);
			runOnlyForDeploymentPostprocessing = 0;
		};
		A55CD1221D36E296004360DA /* Frameworks */ = {
			isa = PBXFrameworksBuildPhase;
			buildActionMask = 2147483647;
			files = (
			);
			runOnlyForDeploymentPostprocessing = 0;
		};
/* End PBXFrameworksBuildPhase section */

/* Begin PBXGroup section */
		A55CD0F91D36E296004360DA = {
			isa = PBXGroup;
			children = (
				A55CD1041D36E296004360DA /* Dragon Climber */,
				A55CD11D1D36E296004360DA /* Dragon ClimberTests */,
				A55CD1281D36E296004360DA /* Dragon ClimberUITests */,
				A55CD1031D36E296004360DA /* Products */,
			);
			sourceTree = "<group>";
		};
		A55CD1031D36E296004360DA /* Products */ = {
			isa = PBXGroup;
			children = (
				A55CD1021D36E296004360DA /* Dragon Climber.app */,
				A55CD11A1D36E296004360DA /* Dragon ClimberTests.xctest */,
				A55CD1251D36E296004360DA /* Dragon ClimberUITests.xctest */,
			);
			name = Products;
			sourceTree = "<group>";
		};
		A55CD1041D36E296004360DA /* Dragon Climber */ = {
			isa = PBXGroup;
			children = (
				A55CD1051D36E296004360DA /* AppDelegate.swift */,
				A55CD1071D36E296004360DA /* GameScene.sks */,
				A55CD1091D36E296004360DA /* GameScene.swift */,
				A51750D11D49780E009A3ED7 /* TitleScreen.sks */,
				A51750DF1D497D41009A3ED7 /* TitleScreen.swift */,
				A55CD10B1D36E296004360DA /* GameViewController.swift */,
				A51750D91D4979C9009A3ED7 /* MyActions.sks */,
				A53ABA791D3EE1E30030E7E4 /* Player.swift */,
				A542FEFC1D3D4A61001335B5 /* Rock.swift */,
				A51750D71D497956009A3ED7 /* Rotating Sun.sks */,
				A51750E11D497D86009A3ED7 /* MSButtonNode.swift */,
				A55CD10D1D36E296004360DA /* Main.storyboard */,
				A55CD1101D36E296004360DA /* Assets.xcassets */,
				A5F4072D1D483609000AD164 /* Cloud Particles */,
				A55CD1121D36E296004360DA /* LaunchScreen.storyboard */,
				A51750D51D497888009A3ED7 /* Lucky Cat.png */,
				A51750DD1D497CB8009A3ED7 /* TitleScreen.png */,
				A51750CD1D497798009A3ED7 /* Play Button.png */,
				A51750E71D4ABD55009A3ED7 /* !.png */,
				A51750E91D4ABE65009A3ED7 /* ! Black.png */,
				A51750C91D49778B009A3ED7 /* Sun.png */,
				A51750CF1D4977B3009A3ED7 /* ShurikenTitle.png */,
				A51750E51D4A876F009A3ED7 /* avalancheRock.png */,
				A51750C71D495CF0009A3ED7 /* ropeTexture.jpg */,
				A51750C31D495C09009A3ED7 /* Shuriken.png */,
				A51750C11D495867009A3ED7 /* Bamboo.png */,
				A51750C51D495C13009A3ED7 /* FNB.png */,
				A51750BF1D495642009A3ED7 /* Wall.png */,
				A5F407301D483649000AD164 /* BackgroundMain.png */,
				A5F407211D483145000AD164 /* Cloud1.png */,
				A5F407231D48315E000AD164 /* Cloud2.png */,
				A5F407251D483166000AD164 /* Cloud3.png */,
				A5AEF3AD1D4043D6007BA947 /* gameMusic.mp3 */,
				A55CD1151D36E296004360DA /* Info.plist */,
			);
			path = "Dragon Climber";
			sourceTree = "<group>";
		};
		A55CD11D1D36E296004360DA /* Dragon ClimberTests */ = {
			isa = PBXGroup;
			children = (
				A55CD11E1D36E296004360DA /* Dragon_ClimberTests.swift */,
				A55CD1201D36E296004360DA /* Info.plist */,
			);
			path = "Dragon ClimberTests";
			sourceTree = "<group>";
		};
		A55CD1281D36E296004360DA /* Dragon ClimberUITests */ = {
			isa = PBXGroup;
			children = (
				A55CD1291D36E296004360DA /* Dragon_ClimberUITests.swift */,
				A55CD12B1D36E296004360DA /* Info.plist */,
			);
			path = "Dragon ClimberUITests";
			sourceTree = "<group>";
		};
		A5F4072D1D483609000AD164 /* Cloud Particles */ = {
			isa = PBXGroup;
			children = (
				A5F4071F1D48312D000AD164 /* Cloud1.sks */,
				A5F407271D4832F6000AD164 /* Cloud2.sks */,
				A5F407291D4833AB000AD164 /* Cloud3.sks */,
			);
			name = "Cloud Particles";
			sourceTree = "<group>";
		};
/* End PBXGroup section */

/* Begin PBXNativeTarget section */
		A55CD1011D36E296004360DA /* Dragon Climber */ = {
			isa = PBXNativeTarget;
			buildConfigurationList = A55CD12E1D36E296004360DA /* Build configuration list for PBXNativeTarget "Dragon Climber" */;
			buildPhases = (
				A55CD0FE1D36E296004360DA /* Sources */,
				A55CD0FF1D36E296004360DA /* Frameworks */,
				A55CD1001D36E296004360DA /* Resources */,
			);
			buildRules = (
			);
			dependencies = (
			);
			name = "Dragon Climber";
			productName = "Dragon Climber";
			productReference = A55CD1021D36E296004360DA /* Dragon Climber.app */;
			productType = "com.apple.product-type.application";
		};
		A55CD1191D36E296004360DA /* Dragon ClimberTests */ = {
			isa = PBXNativeTarget;
			buildConfigurationList = A55CD1311D36E296004360DA /* Build configuration list for PBXNativeTarget "Dragon ClimberTests" */;
			buildPhases = (
				A55CD1161D36E296004360DA /* Sources */,
				A55CD1171D36E296004360DA /* Frameworks */,
				A55CD1181D36E296004360DA /* Resources */,
			);
			buildRules = (
			);
			dependencies = (
				A55CD11C1D36E296004360DA /* PBXTargetDependency */,
			);
			name = "Dragon ClimberTests";
			productName = "Dragon ClimberTests";
			productReference = A55CD11A1D36E296004360DA /* Dragon ClimberTests.xctest */;
			productType = "com.apple.product-type.bundle.unit-test";
		};
		A55CD1241D36E296004360DA /* Dragon ClimberUITests */ = {
			isa = PBXNativeTarget;
			buildConfigurationList = A55CD1341D36E296004360DA /* Build configuration list for PBXNativeTarget "Dragon ClimberUITests" */;
			buildPhases = (
				A55CD1211D36E296004360DA /* Sources */,
				A55CD1221D36E296004360DA /* Frameworks */,
				A55CD1231D36E296004360DA /* Resources */,
			);
			buildRules = (
			);
			dependencies = (
				A55CD1271D36E296004360DA /* PBXTargetDependency */,
			);
			name = "Dragon ClimberUITests";
			productName = "Dragon ClimberUITests";
			productReference = A55CD1251D36E296004360DA /* Dragon ClimberUITests.xctest */;
			productType = "com.apple.product-type.bundle.ui-testing";
		};
/* End PBXNativeTarget section */

/* Begin PBXProject section */
		A55CD0FA1D36E296004360DA /* Project object */ = {
			isa = PBXProject;
			attributes = {
				LastSwiftUpdateCheck = 0730;
				LastUpgradeCheck = 0730;
				ORGANIZATIONNAME = "Alice Shi";
				TargetAttributes = {
					A55CD1011D36E296004360DA = {
						CreatedOnToolsVersion = 7.3.1;
						DevelopmentTeam = 4T59EGLW9L;
					};
					A55CD1191D36E296004360DA = {
						CreatedOnToolsVersion = 7.3.1;
						TestTargetID = A55CD1011D36E296004360DA;
					};
					A55CD1241D36E296004360DA = {
						CreatedOnToolsVersion = 7.3.1;
						TestTargetID = A55CD1011D36E296004360DA;
					};
				};
			};
			buildConfigurationList = A55CD0FD1D36E296004360DA /* Build configuration list for PBXProject "Dragon Climber" */;
			compatibilityVersion = "Xcode 3.2";
			developmentRegion = English;
			hasScannedForEncodings = 0;
			knownRegions = (
				en,
				Base,
			);
			mainGroup = A55CD0F91D36E296004360DA;
			productRefGroup = A55CD1031D36E296004360DA /* Products */;
			projectDirPath = "";
			projectRoot = "";
			targets = (
				A55CD1011D36E296004360DA /* Dragon Climber */,
				A55CD1191D36E296004360DA /* Dragon ClimberTests */,
				A55CD1241D36E296004360DA /* Dragon ClimberUITests */,
			);
		};
/* End PBXProject section */

/* Begin PBXResourcesBuildPhase section */
		A55CD1001D36E296004360DA /* Resources */ = {
			isa = PBXResourcesBuildPhase;
			buildActionMask = 2147483647;
			files = (
				A51750D61D497888009A3ED7 /* Lucky Cat.png in Resources */,
				A51750C21D495867009A3ED7 /* Bamboo.png in Resources */,
				A5F407221D483145000AD164 /* Cloud1.png in Resources */,
				A51750C41D495C09009A3ED7 /* Shuriken.png in Resources */,
				A55CD1081D36E296004360DA /* GameScene.sks in Resources */,
				A55CD1141D36E296004360DA /* LaunchScreen.storyboard in Resources */,
				A51750DE1D497CB8009A3ED7 /* TitleScreen.png in Resources */,
				A5F407281D4832F6000AD164 /* Cloud2.sks in Resources */,
				A51750CE1D497798009A3ED7 /* Play Button.png in Resources */,
				A51750C01D495642009A3ED7 /* Wall.png in Resources */,
				A5F407261D483166000AD164 /* Cloud3.png in Resources */,
				A55CD1111D36E296004360DA /* Assets.xcassets in Resources */,
				A51750EA1D4ABE65009A3ED7 /* ! Black.png in Resources */,
				A51750E81D4ABD55009A3ED7 /* !.png in Resources */,
				A51750E61D4A876F009A3ED7 /* avalancheRock.png in Resources */,
				A5AEF3AE1D4043D6007BA947 /* gameMusic.mp3 in Resources */,
				A51750D01D4977B3009A3ED7 /* ShurikenTitle.png in Resources */,
				A51750D21D49780E009A3ED7 /* TitleScreen.sks in Resources */,
				A51750DA1D4979C9009A3ED7 /* MyActions.sks in Resources */,
				A51750CA1D49778B009A3ED7 /* Sun.png in Resources */,
				A5F407201D48312D000AD164 /* Cloud1.sks in Resources */,
				A51750D81D497956009A3ED7 /* Rotating Sun.sks in Resources */,
				A5F4072A1D4833AB000AD164 /* Cloud3.sks in Resources */,
				A51750C81D495CF0009A3ED7 /* ropeTexture.jpg in Resources */,
				A5F407241D48315E000AD164 /* Cloud2.png in Resources */,
				A51750C61D495C13009A3ED7 /* FNB.png in Resources */,
				A55CD10F1D36E296004360DA /* Main.storyboard in Resources */,
				A5F407311D483649000AD164 /* BackgroundMain.png in Resources */,
			);
			runOnlyForDeploymentPostprocessing = 0;
		};
		A55CD1181D36E296004360DA /* Resources */ = {
			isa = PBXResourcesBuildPhase;
			buildActionMask = 2147483647;
			files = (
			);
			runOnlyForDeploymentPostprocessing = 0;
		};
		A55CD1231D36E296004360DA /* Resources */ = {
			isa = PBXResourcesBuildPhase;
			buildActionMask = 2147483647;
			files = (
			);
			runOnlyForDeploymentPostprocessing = 0;
		};
/* End PBXResourcesBuildPhase section */

/* Begin PBXSourcesBuildPhase section */
		A55CD0FE1D36E296004360DA /* Sources */ = {
			isa = PBXSourcesBuildPhase;
			buildActionMask = 2147483647;
			files = (
				A542FEFD1D3D4A61001335B5 /* Rock.swift in Sources */,
				A51750E01D497D41009A3ED7 /* TitleScreen.swift in Sources */,
				A55CD10A1D36E296004360DA /* GameScene.swift in Sources */,
				A55CD10C1D36E296004360DA /* GameViewController.swift in Sources */,
				A53ABA7A1D3EE1E30030E7E4 /* Player.swift in Sources */,
				A55CD1061D36E296004360DA /* AppDelegate.swift in Sources */,
				A51750E21D497D86009A3ED7 /* MSButtonNode.swift in Sources */,
			);
			runOnlyForDeploymentPostprocessing = 0;
		};
		A55CD1161D36E296004360DA /* Sources */ = {
			isa = PBXSourcesBuildPhase;
			buildActionMask = 2147483647;
			files = (
				A55CD11F1D36E296004360DA /* Dragon_ClimberTests.swift in Sources */,
			);
			runOnlyForDeploymentPostprocessing = 0;
		};
		A55CD1211D36E296004360DA /* Sources */ = {
			isa = PBXSourcesBuildPhase;
			buildActionMask = 2147483647;
			files = (
				A55CD12A1D36E296004360DA /* Dragon_ClimberUITests.swift in Sources */,
			);
			runOnlyForDeploymentPostprocessing = 0;
		};
/* End PBXSourcesBuildPhase section */

/* Begin PBXTargetDependency section */
		A55CD11C1D36E296004360DA /* PBXTargetDependency */ = {
			isa = PBXTargetDependency;
			target = A55CD1011D36E296004360DA /* Dragon Climber */;
			targetProxy = A55CD11B1D36E296004360DA /* PBXContainerItemProxy */;
		};
		A55CD1271D36E296004360DA /* PBXTargetDependency */ = {
			isa = PBXTargetDependency;
			target = A55CD1011D36E296004360DA /* Dragon Climber */;
			targetProxy = A55CD1261D36E296004360DA /* PBXContainerItemProxy */;
		};
/* End PBXTargetDependency section */

/* Begin PBXVariantGroup section */
		A55CD10D1D36E296004360DA /* Main.storyboard */ = {
			isa = PBXVariantGroup;
			children = (
				A55CD10E1D36E296004360DA /* Base */,
			);
			name = Main.storyboard;
			sourceTree = "<group>";
		};
		A55CD1121D36E296004360DA /* LaunchScreen.storyboard */ = {
			isa = PBXVariantGroup;
			children = (
				A55CD1131D36E296004360DA /* Base */,
			);
			name = LaunchScreen.storyboard;
			sourceTree = "<group>";
		};
/* End PBXVariantGroup section */

/* Begin XCBuildConfiguration section */
		A55CD12C1D36E296004360DA /* Debug */ = {
			isa = XCBuildConfiguration;
			buildSettings = {
				ALWAYS_SEARCH_USER_PATHS = NO;
				CLANG_ANALYZER_NONNULL = YES;
				CLANG_CXX_LANGUAGE_STANDARD = "gnu++0x";
				CLANG_CXX_LIBRARY = "libc++";
				CLANG_ENABLE_MODULES = YES;
				CLANG_ENABLE_OBJC_ARC = YES;
				CLANG_WARN_BOOL_CONVERSION = YES;
				CLANG_WARN_CONSTANT_CONVERSION = YES;
				CLANG_WARN_DIRECT_OBJC_ISA_USAGE = YES_ERROR;
				CLANG_WARN_EMPTY_BODY = YES;
				CLANG_WARN_ENUM_CONVERSION = YES;
				CLANG_WARN_INT_CONVERSION = YES;
				CLANG_WARN_OBJC_ROOT_CLASS = YES_ERROR;
				CLANG_WARN_UNREACHABLE_CODE = YES;
				CLANG_WARN__DUPLICATE_METHOD_MATCH = YES;
				"CODE_SIGN_IDENTITY[sdk=iphoneos*]" = "iPhone Developer";
				COPY_PHASE_STRIP = NO;
				DEBUG_INFORMATION_FORMAT = "dwarf-with-dsym";
				ENABLE_STRICT_OBJC_MSGSEND = YES;
				ENABLE_TESTABILITY = YES;
				GCC_C_LANGUAGE_STANDARD = gnu99;
				GCC_DYNAMIC_NO_PIC = NO;
				GCC_NO_COMMON_BLOCKS = YES;
				GCC_OPTIMIZATION_LEVEL = 0;
				GCC_PREPROCESSOR_DEFINITIONS = (
					"DEBUG=1",
					"$(inherited)",
				);
				GCC_WARN_64_TO_32_BIT_CONVERSION = YES;
				GCC_WARN_ABOUT_RETURN_TYPE = YES_ERROR;
				GCC_WARN_UNDECLARED_SELECTOR = YES;
				GCC_WARN_UNINITIALIZED_AUTOS = YES_AGGRESSIVE;
				GCC_WARN_UNUSED_FUNCTION = YES;
				GCC_WARN_UNUSED_VARIABLE = YES;
				IPHONEOS_DEPLOYMENT_TARGET = 9.3;
				MTL_ENABLE_DEBUG_INFO = YES;
				ONLY_ACTIVE_ARCH = YES;
				SDKROOT = iphoneos;
				SWIFT_OPTIMIZATION_LEVEL = "-Onone";
				TARGETED_DEVICE_FAMILY = "1,2";
			};
			name = Debug;
		};
		A55CD12D1D36E296004360DA /* Release */ = {
			isa = XCBuildConfiguration;
			buildSettings = {
				ALWAYS_SEARCH_USER_PATHS = NO;
				CLANG_ANALYZER_NONNULL = YES;
				CLANG_CXX_LANGUAGE_STANDARD = "gnu++0x";
				CLANG_CXX_LIBRARY = "libc++";
				CLANG_ENABLE_MODULES = YES;
				CLANG_ENABLE_OBJC_ARC = YES;
				CLANG_WARN_BOOL_CONVERSION = YES;
				CLANG_WARN_CONSTANT_CONVERSION = YES;
				CLANG_WARN_DIRECT_OBJC_ISA_USAGE = YES_ERROR;
				CLANG_WARN_EMPTY_BODY = YES;
				CLANG_WARN_ENUM_CONVERSION = YES;
				CLANG_WARN_INT_CONVERSION = YES;
				CLANG_WARN_OBJC_ROOT_CLASS = YES_ERROR;
				CLANG_WARN_UNREACHABLE_CODE = YES;
				CLANG_WARN__DUPLICATE_METHOD_MATCH = YES;
				"CODE_SIGN_IDENTITY[sdk=iphoneos*]" = "iPhone Developer";
				COPY_PHASE_STRIP = NO;
				DEBUG_INFORMATION_FORMAT = "dwarf-with-dsym";
				ENABLE_NS_ASSERTIONS = NO;
				ENABLE_STRICT_OBJC_MSGSEND = YES;
				GCC_C_LANGUAGE_STANDARD = gnu99;
				GCC_NO_COMMON_BLOCKS = YES;
				GCC_WARN_64_TO_32_BIT_CONVERSION = YES;
				GCC_WARN_ABOUT_RETURN_TYPE = YES_ERROR;
				GCC_WARN_UNDECLARED_SELECTOR = YES;
				GCC_WARN_UNINITIALIZED_AUTOS = YES_AGGRESSIVE;
				GCC_WARN_UNUSED_FUNCTION = YES;
				GCC_WARN_UNUSED_VARIABLE = YES;
				IPHONEOS_DEPLOYMENT_TARGET = 9.3;
				MTL_ENABLE_DEBUG_INFO = NO;
				SDKROOT = iphoneos;
				TARGETED_DEVICE_FAMILY = "1,2";
				VALIDATE_PRODUCT = YES;
			};
			name = Release;
		};
		A55CD12F1D36E296004360DA /* Debug */ = {
			isa = XCBuildConfiguration;
			buildSettings = {
				ASSETCATALOG_COMPILER_APPICON_NAME = AppIcon;
				CODE_SIGN_IDENTITY = "iPhone Developer";
				INFOPLIST_FILE = "Dragon Climber/Info.plist";
				LD_RUNPATH_SEARCH_PATHS = "$(inherited) @executable_path/Frameworks";
				PRODUCT_BUNDLE_IDENTIFIER = "com.makeschool.Dragon-Climber";
				PRODUCT_NAME = "$(TARGET_NAME)";
			};
			name = Debug;
		};
		A55CD1301D36E296004360DA /* Release */ = {
			isa = XCBuildConfiguration;
			buildSettings = {
				ASSETCATALOG_COMPILER_APPICON_NAME = AppIcon;
				CODE_SIGN_IDENTITY = "iPhone Developer";
				INFOPLIST_FILE = "Dragon Climber/Info.plist";
				LD_RUNPATH_SEARCH_PATHS = "$(inherited) @executable_path/Frameworks";
				PRODUCT_BUNDLE_IDENTIFIER = "com.makeschool.Dragon-Climber";
				PRODUCT_NAME = "$(TARGET_NAME)";
			};
			name = Release;
		};
		A55CD1321D36E296004360DA /* Debug */ = {
			isa = XCBuildConfiguration;
			buildSettings = {
				BUNDLE_LOADER = "$(TEST_HOST)";
				DEBUG_INFORMATION_FORMAT = dwarf;
				INFOPLIST_FILE = "Dragon ClimberTests/Info.plist";
				LD_RUNPATH_SEARCH_PATHS = "$(inherited) @executable_path/Frameworks @loader_path/Frameworks";
				PRODUCT_BUNDLE_IDENTIFIER = "com.makeschool.Dragon-ClimberTests";
				PRODUCT_NAME = "$(TARGET_NAME)";
				TEST_HOST = "$(BUILT_PRODUCTS_DIR)/Dragon Climber.app/Dragon Climber";
			};
			name = Debug;
		};
		A55CD1331D36E296004360DA /* Release */ = {
			isa = XCBuildConfiguration;
			buildSettings = {
				BUNDLE_LOADER = "$(TEST_HOST)";
				INFOPLIST_FILE = "Dragon ClimberTests/Info.plist";
				LD_RUNPATH_SEARCH_PATHS = "$(inherited) @executable_path/Frameworks @loader_path/Frameworks";
				PRODUCT_BUNDLE_IDENTIFIER = "com.makeschool.Dragon-ClimberTests";
				PRODUCT_NAME = "$(TARGET_NAME)";
				TEST_HOST = "$(BUILT_PRODUCTS_DIR)/Dragon Climber.app/Dragon Climber";
			};
			name = Release;
		};
		A55CD1351D36E296004360DA /* Debug */ = {
			isa = XCBuildConfiguration;
			buildSettings = {
				DEBUG_INFORMATION_FORMAT = dwarf;
				INFOPLIST_FILE = "Dragon ClimberUITests/Info.plist";
				LD_RUNPATH_SEARCH_PATHS = "$(inherited) @executable_path/Frameworks @loader_path/Frameworks";
				PRODUCT_BUNDLE_IDENTIFIER = "com.makeschool.Dragon-ClimberUITests";
				PRODUCT_NAME = "$(TARGET_NAME)";
				TEST_TARGET_NAME = "Dragon Climber";
			};
			name = Debug;
		};
		A55CD1361D36E296004360DA /* Release */ = {
			isa = XCBuildConfiguration;
			buildSettings = {
				INFOPLIST_FILE = "Dragon ClimberUITests/Info.plist";
				LD_RUNPATH_SEARCH_PATHS = "$(inherited) @executable_path/Frameworks @loader_path/Frameworks";
				PRODUCT_BUNDLE_IDENTIFIER = "com.makeschool.Dragon-ClimberUITests";
				PRODUCT_NAME = "$(TARGET_NAME)";
				TEST_TARGET_NAME = "Dragon Climber";
			};
			name = Release;
		};
/* End XCBuildConfiguration section */

/* Begin XCConfigurationList section */
		A55CD0FD1D36E296004360DA /* Build configuration list for PBXProject "Dragon Climber" */ = {
			isa = XCConfigurationList;
			buildConfigurations = (
				A55CD12C1D36E296004360DA /* Debug */,
				A55CD12D1D36E296004360DA /* Release */,
			);
			defaultConfigurationIsVisible = 0;
			defaultConfigurationName = Release;
		};
		A55CD12E1D36E296004360DA /* Build configuration list for PBXNativeTarget "Dragon Climber" */ = {
			isa = XCConfigurationList;
			buildConfigurations = (
				A55CD12F1D36E296004360DA /* Debug */,
				A55CD1301D36E296004360DA /* Release */,
			);
			defaultConfigurationIsVisible = 0;
			defaultConfigurationName = Release;
		};
		A55CD1311D36E296004360DA /* Build configuration list for PBXNativeTarget "Dragon ClimberTests" */ = {
			isa = XCConfigurationList;
			buildConfigurations = (
				A55CD1321D36E296004360DA /* Debug */,
				A55CD1331D36E296004360DA /* Release */,
			);
			defaultConfigurationIsVisible = 0;
			defaultConfigurationName = Release;
		};
		A55CD1341D36E296004360DA /* Build configuration list for PBXNativeTarget "Dragon ClimberUITests" */ = {
			isa = XCConfigurationList;
			buildConfigurations = (
				A55CD1351D36E296004360DA /* Debug */,
				A55CD1361D36E296004360DA /* Release */,
			);
			defaultConfigurationIsVisible = 0;
			defaultConfigurationName = Release;
		};
/* End XCConfigurationList section */
	};
	rootObject = A55CD0FA1D36E296004360DA /* Project object */;
}
